
Microsoft Visual Studio Solution File, Format Version 12.00
# Visual Studio Version 17
VisualStudioVersion = 17.5.33516.290
MinimumVisualStudioVersion = 10.0.40219.1
Project("{8BC9CEB8-8B4A-11D0-8D11-00A0C91BC942}") = "Class design", "Class design.vcxproj", "{F3AC39F2-BF78-4971-9A17-344DD22C68D7}"
EndProject
Global
	GlobalSection(SolutionConfigurationPlatforms) = preSolution
		Debug|x64 = Debug|x64
		Debug|x86 = Debug|x86
		Release|x64 = Release|x64
		Release|x86 = Release|x86
	EndGlobalSection
	GlobalSection(ProjectConfigurationPlatforms) = postSolution
		{F3AC39F2-BF78-4971-9A17-344DD22C68D7}.Debug|x64.ActiveCfg = Debug|x64
		{F3AC39F2-BF78-4971-9A17-344DD22C68D7}.Debug|x64.Build.0 = Debug|x64
		{F3AC39F2-BF78-4971-9A17-344DD22C68D7}.Debug|x86.ActiveCfg = Debug|Win32
		{F3AC39F2-BF78-4971-9A17-344DD22C68D7}.Debug|x86.Build.0 = Debug|Win32
		{F3AC39F2-BF78-4971-9A17-344DD22C68D7}.Release|x64.ActiveCfg = Release|x64
		{F3AC39F2-BF78-4971-9A17-344DD22C68D7}.Release|x64.Build.0 = Release|x64
		{F3AC39F2-BF78-4971-9A17-344DD22C68D7}.Release|x86.ActiveCfg = Release|Win32
		{F3AC39F2-BF78-4971-9A17-344DD22C68D7}.Release|x86.Build.0 = Release|Win32
	EndGlobalSection
	GlobalSection(SolutionProperties) = preSolution
		HideSolutionNode = FALSE
	EndGlobalSection
	GlobalSection(ExtensibilityGlobals) = postSolution
		SolutionGuid = {A95C496A-69A0-467C-9A2A-41A35E3526B1}
	EndGlobalSection
EndGlobal
